
Microsoft Visual Studio Solution File, Format Version 12.00
# Visual Studio 15
Project("{FAE04EC0-301F-11D3-BF4B-00C04F79EFBC}") = "Assembly-CSharp", "Assembly-CSharp.csproj", "{63FDD59E-04F8-9720-8A4B-56411C05EB13}"
EndProject
Project("{FAE04EC0-301F-11D3-BF4B-00C04F79EFBC}") = "Assembly-CSharp-Editor", "Assembly-CSharp-Editor.csproj", "{8319299D-C0B0-E2C9-42C0-705EBF0ABAD7}"
EndProject
Global
	GlobalSection(SolutionConfigurationPlatforms) = preSolution
		Debug|Any CPU = Debug|Any CPU
		Release|Any CPU = Release|Any CPU
	EndGlobalSection
	GlobalSection(ProjectConfigurationPlatforms) = postSolution
		{63FDD59E-04F8-9720-8A4B-56411C05EB13}.Debug|Any CPU.ActiveCfg = Debug|Any CPU
		{63FDD59E-04F8-9720-8A4B-56411C05EB13}.Debug|Any CPU.Build.0 = Debug|Any CPU
		{63FDD59E-04F8-9720-8A4B-56411C05EB13}.Release|Any CPU.ActiveCfg = Release|Any CPU
		{63FDD59E-04F8-9720-8A4B-56411C05EB13}.Release|Any CPU.Build.0 = Release|Any CPU
		{8319299D-C0B0-E2C9-42C0-705EBF0ABAD7}.Debug|Any CPU.ActiveCfg = Debug|Any CPU
		{8319299D-C0B0-E2C9-42C0-705EBF0ABAD7}.Debug|Any CPU.Build.0 = Debug|Any CPU
		{8319299D-C0B0-E2C9-42C0-705EBF0ABAD7}.Release|Any CPU.ActiveCfg = Release|Any CPU
		{8319299D-C0B0-E2C9-42C0-705EBF0ABAD7}.Release|Any CPU.Build.0 = Release|Any CPU
	EndGlobalSection
	GlobalSection(SolutionProperties) = preSolution
		HideSolutionNode = FALSE
	EndGlobalSection
EndGlobal
